
Microsoft Visual Studio Solution File, Format Version 12.00
# Visual Studio 15
VisualStudioVersion = 15.0.26823.1
MinimumVisualStudioVersion = 10.0.40219.1
Project("{8BC9CEB8-8B4A-11D0-8D11-00A0C91BC942}") = "01a", "01\01a.vcxproj", "{BD987412-10F8-4101-BE89-2A9BB2C84E0A}"
EndProject
Project("{2150E333-8FDC-42A3-9474-1A3956D46DE8}") = "common", "common", "{90091C3D-E1C9-4A6F-88FE-312A369D54D5}"
	ProjectSection(SolutionItems) = preProject
		common\InputReader.hpp = common\InputReader.hpp
		common\md5.c = common\md5.c
		common\md5.h = common\md5.h
	EndProjectSection
EndProject
Project("{2150E333-8FDC-42A3-9474-1A3956D46DE8}") = "advent2016", "advent2016", "{B1AFED1B-8EF2-4060-B719-23D1ADFAA713}"
	ProjectSection(SolutionItems) = preProject
		advent2016\ChecksumGenerator.hpp = advent2016\ChecksumGenerator.hpp
		advent2016\ErrorCorrector.hpp = advent2016\ErrorCorrector.hpp
		advent2016\GoodIPFinder.hpp = advent2016\GoodIPFinder.hpp
		advent2016\GridMoveParser.hpp = advent2016\GridMoveParser.hpp
		advent2016\HashInputGenerator.hpp = advent2016\HashInputGenerator.hpp
		advent2016\KeypadMoveParser.hpp = advent2016\KeypadMoveParser.hpp
		advent2016\PasswordGenerator.hpp = advent2016\PasswordGenerator.hpp
		advent2016\PasswordScrambler.hpp = advent2016\PasswordScrambler.hpp
		advent2016\RoomValidator.hpp = advent2016\RoomValidator.hpp
		advent2016\SafeTileCounter.hpp = advent2016\SafeTileCounter.hpp
		advent2016\TriangleValidator.hpp = advent2016\TriangleValidator.hpp
		advent2016\ViableNodePairCounter.hpp = advent2016\ViableNodePairCounter.hpp
	EndProjectSection
EndProject
Project("{8BC9CEB8-8B4A-11D0-8D11-00A0C91BC942}") = "template", "template\template.vcxproj", "{8ACAF4E0-E496-4DEE-858B-CEB990EEDD84}"
EndProject
Project("{2150E333-8FDC-42A3-9474-1A3956D46DE8}") = "01-05", "01-05", "{D10AE141-88EB-41BB-8722-9EE0C83705B0}"
EndProject
Project("{2150E333-8FDC-42A3-9474-1A3956D46DE8}") = "06-10", "06-10", "{3B252197-C677-46BB-A83E-39041B8D4E1E}"
EndProject
Project("{2150E333-8FDC-42A3-9474-1A3956D46DE8}") = "11-15", "11-15", "{A89778CE-E809-41EF-94E8-39EB4FDD909B}"
EndProject
Project("{2150E333-8FDC-42A3-9474-1A3956D46DE8}") = "16-20", "16-20", "{644D4EE4-4A43-45F4-A026-D41507182C7B}"
EndProject
Project("{2150E333-8FDC-42A3-9474-1A3956D46DE8}") = "21-25", "21-25", "{6EF6E453-B74A-47AF-9202-5D067226A091}"
EndProject
Project("{8BC9CEB8-8B4A-11D0-8D11-00A0C91BC942}") = "02a", "02\02a.vcxproj", "{FB2603C3-8184-4CC5-80BA-5B8DA927BF43}"
EndProject
Project("{8BC9CEB8-8B4A-11D0-8D11-00A0C91BC942}") = "03a", "03\03a.vcxproj", "{89A340EE-2170-420B-BCA6-B76B7CD57EDE}"
EndProject
Project("{8BC9CEB8-8B4A-11D0-8D11-00A0C91BC942}") = "04a", "04\04a.vcxproj", "{72022CB1-4D29-4476-96B5-114D608E9791}"
EndProject
Project("{8BC9CEB8-8B4A-11D0-8D11-00A0C91BC942}") = "05a", "05\05a.vcxproj", "{A3CEDE96-9338-440B-AC63-2047C74553E8}"
EndProject
Project("{8BC9CEB8-8B4A-11D0-8D11-00A0C91BC942}") = "01b", "01\01b.vcxproj", "{DEE2C1E5-EC84-4F6D-AF1E-493967BFF4E2}"
EndProject
Project("{8BC9CEB8-8B4A-11D0-8D11-00A0C91BC942}") = "02b", "02\02b.vcxproj", "{67110082-A72D-43E5-A6E1-9274AFAD3DE7}"
EndProject
Project("{8BC9CEB8-8B4A-11D0-8D11-00A0C91BC942}") = "03b", "03\03b.vcxproj", "{8BE6D713-0601-4695-B579-7DE5606D4131}"
EndProject
Project("{8BC9CEB8-8B4A-11D0-8D11-00A0C91BC942}") = "04b", "04\04b.vcxproj", "{1FF2EA11-63DF-4E5C-9B93-62607849B6D1}"
EndProject
Project("{8BC9CEB8-8B4A-11D0-8D11-00A0C91BC942}") = "05b", "05\05b.vcxproj", "{3AACD5E0-CA96-460C-B16E-9E98045B7C98}"
EndProject
Project("{8BC9CEB8-8B4A-11D0-8D11-00A0C91BC942}") = "advent2016-tests", "advent2016-tests\advent2016-tests.vcxproj", "{40B987ED-C973-453C-A08D-C051901765A7}"
EndProject
Project("{8BC9CEB8-8B4A-11D0-8D11-00A0C91BC942}") = "21a", "21\21a.vcxproj", "{6813B0A9-90D8-4646-8A33-6857A2A6EE8E}"
EndProject
Project("{8BC9CEB8-8B4A-11D0-8D11-00A0C91BC942}") = "21b", "21\21b.vcxproj", "{634717A1-C4FF-4702-AA7C-58BF4F98230D}"
EndProject
Project("{8BC9CEB8-8B4A-11D0-8D11-00A0C91BC942}") = "22a", "22\22a.vcxproj", "{67073E08-B761-4B6F-A931-985D7CCABE25}"
EndProject
Project("{8BC9CEB8-8B4A-11D0-8D11-00A0C91BC942}") = "22b", "22\22b.vcxproj", "{9FD36F3A-453C-45F1-8A61-C4435CA7EA35}"
EndProject
Project("{8BC9CEB8-8B4A-11D0-8D11-00A0C91BC942}") = "06a", "06\06a.vcxproj", "{405EFF56-C942-4AEC-BFA4-1D3DCE2D7C8D}"
EndProject
Project("{8BC9CEB8-8B4A-11D0-8D11-00A0C91BC942}") = "06b", "06\06b.vcxproj", "{3E2B0605-7880-4DBB-BFD1-2DD7B4215FB4}"
EndProject
Project("{8BC9CEB8-8B4A-11D0-8D11-00A0C91BC942}") = "23a", "23\23a.vcxproj", "{EA1A933B-24C4-4382-B9F7-A5284CE5C8FE}"
EndProject
Project("{8BC9CEB8-8B4A-11D0-8D11-00A0C91BC942}") = "23b", "23\23b.vcxproj", "{D8DDAD49-FE9A-4816-98B1-0D8106640160}"
EndProject
Project("{8BC9CEB8-8B4A-11D0-8D11-00A0C91BC942}") = "24a", "24\24a.vcxproj", "{4FF0BB01-D11C-45EC-9AEF-EAA1934BBE46}"
EndProject
Project("{8BC9CEB8-8B4A-11D0-8D11-00A0C91BC942}") = "24b", "24\24b.vcxproj", "{188CF8E5-4E86-4311-ADA4-308DAFBADCCC}"
EndProject
Project("{8BC9CEB8-8B4A-11D0-8D11-00A0C91BC942}") = "25a", "25\25a.vcxproj", "{02BFDBD0-2267-43D4-A582-ECE92DF27B2D}"
EndProject
Project("{8BC9CEB8-8B4A-11D0-8D11-00A0C91BC942}") = "25b", "25\25b.vcxproj", "{F57244A0-03F3-4372-8E26-C1F166472D16}"
EndProject
Project("{8BC9CEB8-8B4A-11D0-8D11-00A0C91BC942}") = "16a", "16\16a.vcxproj", "{7E395A95-661A-484A-9687-9D6261780ED0}"
EndProject
Project("{8BC9CEB8-8B4A-11D0-8D11-00A0C91BC942}") = "17a", "17\17a.vcxproj", "{85A39A06-8E27-4B7D-A5E9-88FF64071BE5}"
EndProject
Project("{8BC9CEB8-8B4A-11D0-8D11-00A0C91BC942}") = "18a", "18\18a.vcxproj", "{BB16EA07-1DBA-409E-BFC3-096AC277A131}"
EndProject
Project("{8BC9CEB8-8B4A-11D0-8D11-00A0C91BC942}") = "19a", "19\19a.vcxproj", "{BAC42230-46FD-46DD-94B0-5805FC3D2417}"
EndProject
Project("{8BC9CEB8-8B4A-11D0-8D11-00A0C91BC942}") = "20a", "20\20a.vcxproj", "{3EC25E26-FDD1-445C-BD7F-58CECFB4931C}"
EndProject
Project("{8BC9CEB8-8B4A-11D0-8D11-00A0C91BC942}") = "16b", "16\16b.vcxproj", "{754BAEA0-815A-448F-ABDE-231602C3F31B}"
EndProject
Project("{8BC9CEB8-8B4A-11D0-8D11-00A0C91BC942}") = "20b", "20\20b.vcxproj", "{4AFC9BE4-FBD5-4D97-B857-D701E28B769A}"
EndProject
Project("{8BC9CEB8-8B4A-11D0-8D11-00A0C91BC942}") = "18b", "18\18b.vcxproj", "{19F00250-E635-40E5-AFDB-4B4041032083}"
EndProject
Project("{2150E333-8FDC-42A3-9474-1A3956D46DE8}") = "advent2017", "advent2017", "{3C93F4C5-015F-4DB1-A041-C9E31B934C71}"
	ProjectSection(SolutionItems) = preProject
		advent2017\AssemblyParser.hpp = advent2017\AssemblyParser.hpp
		advent2017\BridgeBuilder.hpp = advent2017\BridgeBuilder.hpp
		advent2017\CaptchaDigitSummer.hpp = advent2017\CaptchaDigitSummer.hpp
		advent2017\Day23AssemblyParser.hpp = advent2017\Day23AssemblyParser.hpp
		advent2017\GeneratorDriver.hpp = advent2017\GeneratorDriver.hpp
		advent2017\NumberGenerator.hpp = advent2017\NumberGenerator.hpp
		advent2017\PathFinder.hpp = advent2017\PathFinder.hpp
		advent2017\ProgramDancer.hpp = advent2017\ProgramDancer.hpp
		advent2017\Spinlock.hpp = advent2017\Spinlock.hpp
		advent2017\StreamProcessor.hpp = advent2017\StreamProcessor.hpp
		advent2017\VirusCarrier.hpp = advent2017\VirusCarrier.hpp
	EndProjectSection
EndProject
Project("{8BC9CEB8-8B4A-11D0-8D11-00A0C91BC942}") = "advent2017-tests", "advent2017-tests\advent2017-tests.vcxproj", "{E6C90EEA-F7E6-4814-AD57-6AF548F0ED4C}"
EndProject
Project("{8BC9CEB8-8B4A-11D0-8D11-00A0C91BC942}") = "15a", "15\15a.vcxproj", "{73119547-F773-4B49-AEED-56D63D49A12B}"
EndProject
Project("{8BC9CEB8-8B4A-11D0-8D11-00A0C91BC942}") = "15b", "15\15b.vcxproj", "{22ABA85C-123E-49F7-A19B-2DEE65094E0F}"
EndProject
Project("{8BC9CEB8-8B4A-11D0-8D11-00A0C91BC942}") = "17b", "17\17b.vcxproj", "{8F7A41B4-6E34-4E16-ABDE-6F8155669BB3}"
EndProject
Project("{8BC9CEB8-8B4A-11D0-8D11-00A0C91BC942}") = "09a", "09\09a.vcxproj", "{5DED7C71-AE28-4B64-AEEC-C92679F46891}"
EndProject
Project("{8BC9CEB8-8B4A-11D0-8D11-00A0C91BC942}") = "09b", "09\09b.vcxproj", "{5FF9CDB8-A0E2-4EBD-9106-7796FCBA3A72}"
EndProject
Global
	GlobalSection(SolutionConfigurationPlatforms) = preSolution
		Debug|x64 = Debug|x64
		Debug|x86 = Debug|x86
		Release|x64 = Release|x64
		Release|x86 = Release|x86
	EndGlobalSection
	GlobalSection(ProjectConfigurationPlatforms) = postSolution
		{BD987412-10F8-4101-BE89-2A9BB2C84E0A}.Debug|x64.ActiveCfg = Debug|x64
		{BD987412-10F8-4101-BE89-2A9BB2C84E0A}.Debug|x64.Build.0 = Debug|x64
		{BD987412-10F8-4101-BE89-2A9BB2C84E0A}.Debug|x86.ActiveCfg = Debug|Win32
		{BD987412-10F8-4101-BE89-2A9BB2C84E0A}.Debug|x86.Build.0 = Debug|Win32
		{BD987412-10F8-4101-BE89-2A9BB2C84E0A}.Release|x64.ActiveCfg = Release|x64
		{BD987412-10F8-4101-BE89-2A9BB2C84E0A}.Release|x64.Build.0 = Release|x64
		{BD987412-10F8-4101-BE89-2A9BB2C84E0A}.Release|x86.ActiveCfg = Release|Win32
		{BD987412-10F8-4101-BE89-2A9BB2C84E0A}.Release|x86.Build.0 = Release|Win32
		{8ACAF4E0-E496-4DEE-858B-CEB990EEDD84}.Debug|x64.ActiveCfg = Debug|x64
		{8ACAF4E0-E496-4DEE-858B-CEB990EEDD84}.Debug|x64.Build.0 = Debug|x64
		{8ACAF4E0-E496-4DEE-858B-CEB990EEDD84}.Debug|x86.ActiveCfg = Debug|Win32
		{8ACAF4E0-E496-4DEE-858B-CEB990EEDD84}.Debug|x86.Build.0 = Debug|Win32
		{8ACAF4E0-E496-4DEE-858B-CEB990EEDD84}.Release|x64.ActiveCfg = Release|x64
		{8ACAF4E0-E496-4DEE-858B-CEB990EEDD84}.Release|x64.Build.0 = Release|x64
		{8ACAF4E0-E496-4DEE-858B-CEB990EEDD84}.Release|x86.ActiveCfg = Release|Win32
		{8ACAF4E0-E496-4DEE-858B-CEB990EEDD84}.Release|x86.Build.0 = Release|Win32
		{FB2603C3-8184-4CC5-80BA-5B8DA927BF43}.Debug|x64.ActiveCfg = Debug|x64
		{FB2603C3-8184-4CC5-80BA-5B8DA927BF43}.Debug|x64.Build.0 = Debug|x64
		{FB2603C3-8184-4CC5-80BA-5B8DA927BF43}.Debug|x86.ActiveCfg = Debug|Win32
		{FB2603C3-8184-4CC5-80BA-5B8DA927BF43}.Debug|x86.Build.0 = Debug|Win32
		{FB2603C3-8184-4CC5-80BA-5B8DA927BF43}.Release|x64.ActiveCfg = Release|x64
		{FB2603C3-8184-4CC5-80BA-5B8DA927BF43}.Release|x64.Build.0 = Release|x64
		{FB2603C3-8184-4CC5-80BA-5B8DA927BF43}.Release|x86.ActiveCfg = Release|Win32
		{FB2603C3-8184-4CC5-80BA-5B8DA927BF43}.Release|x86.Build.0 = Release|Win32
		{89A340EE-2170-420B-BCA6-B76B7CD57EDE}.Debug|x64.ActiveCfg = Debug|x64
		{89A340EE-2170-420B-BCA6-B76B7CD57EDE}.Debug|x64.Build.0 = Debug|x64
		{89A340EE-2170-420B-BCA6-B76B7CD57EDE}.Debug|x86.ActiveCfg = Debug|Win32
		{89A340EE-2170-420B-BCA6-B76B7CD57EDE}.Debug|x86.Build.0 = Debug|Win32
		{89A340EE-2170-420B-BCA6-B76B7CD57EDE}.Release|x64.ActiveCfg = Release|x64
		{89A340EE-2170-420B-BCA6-B76B7CD57EDE}.Release|x64.Build.0 = Release|x64
		{89A340EE-2170-420B-BCA6-B76B7CD57EDE}.Release|x86.ActiveCfg = Release|Win32
		{89A340EE-2170-420B-BCA6-B76B7CD57EDE}.Release|x86.Build.0 = Release|Win32
		{72022CB1-4D29-4476-96B5-114D608E9791}.Debug|x64.ActiveCfg = Debug|x64
		{72022CB1-4D29-4476-96B5-114D608E9791}.Debug|x64.Build.0 = Debug|x64
		{72022CB1-4D29-4476-96B5-114D608E9791}.Debug|x86.ActiveCfg = Debug|Win32
		{72022CB1-4D29-4476-96B5-114D608E9791}.Debug|x86.Build.0 = Debug|Win32
		{72022CB1-4D29-4476-96B5-114D608E9791}.Release|x64.ActiveCfg = Release|x64
		{72022CB1-4D29-4476-96B5-114D608E9791}.Release|x64.Build.0 = Release|x64
		{72022CB1-4D29-4476-96B5-114D608E9791}.Release|x86.ActiveCfg = Release|Win32
		{72022CB1-4D29-4476-96B5-114D608E9791}.Release|x86.Build.0 = Release|Win32
		{A3CEDE96-9338-440B-AC63-2047C74553E8}.Debug|x64.ActiveCfg = Debug|x64
		{A3CEDE96-9338-440B-AC63-2047C74553E8}.Debug|x64.Build.0 = Debug|x64
		{A3CEDE96-9338-440B-AC63-2047C74553E8}.Debug|x86.ActiveCfg = Debug|Win32
		{A3CEDE96-9338-440B-AC63-2047C74553E8}.Debug|x86.Build.0 = Debug|Win32
		{A3CEDE96-9338-440B-AC63-2047C74553E8}.Release|x64.ActiveCfg = Release|x64
		{A3CEDE96-9338-440B-AC63-2047C74553E8}.Release|x64.Build.0 = Release|x64
		{A3CEDE96-9338-440B-AC63-2047C74553E8}.Release|x86.ActiveCfg = Release|Win32
		{A3CEDE96-9338-440B-AC63-2047C74553E8}.Release|x86.Build.0 = Release|Win32
		{DEE2C1E5-EC84-4F6D-AF1E-493967BFF4E2}.Debug|x64.ActiveCfg = Debug|x64
		{DEE2C1E5-EC84-4F6D-AF1E-493967BFF4E2}.Debug|x64.Build.0 = Debug|x64
		{DEE2C1E5-EC84-4F6D-AF1E-493967BFF4E2}.Debug|x86.ActiveCfg = Debug|Win32
		{DEE2C1E5-EC84-4F6D-AF1E-493967BFF4E2}.Debug|x86.Build.0 = Debug|Win32
		{DEE2C1E5-EC84-4F6D-AF1E-493967BFF4E2}.Release|x64.ActiveCfg = Release|x64
		{DEE2C1E5-EC84-4F6D-AF1E-493967BFF4E2}.Release|x64.Build.0 = Release|x64
		{DEE2C1E5-EC84-4F6D-AF1E-493967BFF4E2}.Release|x86.ActiveCfg = Release|Win32
		{DEE2C1E5-EC84-4F6D-AF1E-493967BFF4E2}.Release|x86.Build.0 = Release|Win32
		{67110082-A72D-43E5-A6E1-9274AFAD3DE7}.Debug|x64.ActiveCfg = Debug|x64
		{67110082-A72D-43E5-A6E1-9274AFAD3DE7}.Debug|x64.Build.0 = Debug|x64
		{67110082-A72D-43E5-A6E1-9274AFAD3DE7}.Debug|x86.ActiveCfg = Debug|Win32
		{67110082-A72D-43E5-A6E1-9274AFAD3DE7}.Debug|x86.Build.0 = Debug|Win32
		{67110082-A72D-43E5-A6E1-9274AFAD3DE7}.Release|x64.ActiveCfg = Release|x64
		{67110082-A72D-43E5-A6E1-9274AFAD3DE7}.Release|x64.Build.0 = Release|x64
		{67110082-A72D-43E5-A6E1-9274AFAD3DE7}.Release|x86.ActiveCfg = Release|Win32
		{67110082-A72D-43E5-A6E1-9274AFAD3DE7}.Release|x86.Build.0 = Release|Win32
		{8BE6D713-0601-4695-B579-7DE5606D4131}.Debug|x64.ActiveCfg = Debug|x64
		{8BE6D713-0601-4695-B579-7DE5606D4131}.Debug|x64.Build.0 = Debug|x64
		{8BE6D713-0601-4695-B579-7DE5606D4131}.Debug|x86.ActiveCfg = Debug|Win32
		{8BE6D713-0601-4695-B579-7DE5606D4131}.Debug|x86.Build.0 = Debug|Win32
		{8BE6D713-0601-4695-B579-7DE5606D4131}.Release|x64.ActiveCfg = Release|x64
		{8BE6D713-0601-4695-B579-7DE5606D4131}.Release|x64.Build.0 = Release|x64
		{8BE6D713-0601-4695-B579-7DE5606D4131}.Release|x86.ActiveCfg = Release|Win32
		{8BE6D713-0601-4695-B579-7DE5606D4131}.Release|x86.Build.0 = Release|Win32
		{1FF2EA11-63DF-4E5C-9B93-62607849B6D1}.Debug|x64.ActiveCfg = Debug|x64
		{1FF2EA11-63DF-4E5C-9B93-62607849B6D1}.Debug|x64.Build.0 = Debug|x64
		{1FF2EA11-63DF-4E5C-9B93-62607849B6D1}.Debug|x86.ActiveCfg = Debug|Win32
		{1FF2EA11-63DF-4E5C-9B93-62607849B6D1}.Debug|x86.Build.0 = Debug|Win32
		{1FF2EA11-63DF-4E5C-9B93-62607849B6D1}.Release|x64.ActiveCfg = Release|x64
		{1FF2EA11-63DF-4E5C-9B93-62607849B6D1}.Release|x64.Build.0 = Release|x64
		{1FF2EA11-63DF-4E5C-9B93-62607849B6D1}.Release|x86.ActiveCfg = Release|Win32
		{1FF2EA11-63DF-4E5C-9B93-62607849B6D1}.Release|x86.Build.0 = Release|Win32
		{3AACD5E0-CA96-460C-B16E-9E98045B7C98}.Debug|x64.ActiveCfg = Debug|x64
		{3AACD5E0-CA96-460C-B16E-9E98045B7C98}.Debug|x64.Build.0 = Debug|x64
		{3AACD5E0-CA96-460C-B16E-9E98045B7C98}.Debug|x86.ActiveCfg = Debug|Win32
		{3AACD5E0-CA96-460C-B16E-9E98045B7C98}.Debug|x86.Build.0 = Debug|Win32
		{3AACD5E0-CA96-460C-B16E-9E98045B7C98}.Release|x64.ActiveCfg = Release|x64
		{3AACD5E0-CA96-460C-B16E-9E98045B7C98}.Release|x64.Build.0 = Release|x64
		{3AACD5E0-CA96-460C-B16E-9E98045B7C98}.Release|x86.ActiveCfg = Release|Win32
		{3AACD5E0-CA96-460C-B16E-9E98045B7C98}.Release|x86.Build.0 = Release|Win32
		{40B987ED-C973-453C-A08D-C051901765A7}.Debug|x64.ActiveCfg = Debug|x64
		{40B987ED-C973-453C-A08D-C051901765A7}.Debug|x64.Build.0 = Debug|x64
		{40B987ED-C973-453C-A08D-C051901765A7}.Debug|x86.ActiveCfg = Debug|Win32
		{40B987ED-C973-453C-A08D-C051901765A7}.Debug|x86.Build.0 = Debug|Win32
		{40B987ED-C973-453C-A08D-C051901765A7}.Release|x64.ActiveCfg = Release|x64
		{40B987ED-C973-453C-A08D-C051901765A7}.Release|x64.Build.0 = Release|x64
		{40B987ED-C973-453C-A08D-C051901765A7}.Release|x86.ActiveCfg = Release|Win32
		{40B987ED-C973-453C-A08D-C051901765A7}.Release|x86.Build.0 = Release|Win32
		{6813B0A9-90D8-4646-8A33-6857A2A6EE8E}.Debug|x64.ActiveCfg = Debug|x64
		{6813B0A9-90D8-4646-8A33-6857A2A6EE8E}.Debug|x64.Build.0 = Debug|x64
		{6813B0A9-90D8-4646-8A33-6857A2A6EE8E}.Debug|x86.ActiveCfg = Debug|Win32
		{6813B0A9-90D8-4646-8A33-6857A2A6EE8E}.Debug|x86.Build.0 = Debug|Win32
		{6813B0A9-90D8-4646-8A33-6857A2A6EE8E}.Release|x64.ActiveCfg = Release|x64
		{6813B0A9-90D8-4646-8A33-6857A2A6EE8E}.Release|x64.Build.0 = Release|x64
		{6813B0A9-90D8-4646-8A33-6857A2A6EE8E}.Release|x86.ActiveCfg = Release|Win32
		{6813B0A9-90D8-4646-8A33-6857A2A6EE8E}.Release|x86.Build.0 = Release|Win32
		{634717A1-C4FF-4702-AA7C-58BF4F98230D}.Debug|x64.ActiveCfg = Debug|x64
		{634717A1-C4FF-4702-AA7C-58BF4F98230D}.Debug|x64.Build.0 = Debug|x64
		{634717A1-C4FF-4702-AA7C-58BF4F98230D}.Debug|x86.ActiveCfg = Debug|Win32
		{634717A1-C4FF-4702-AA7C-58BF4F98230D}.Debug|x86.Build.0 = Debug|Win32
		{634717A1-C4FF-4702-AA7C-58BF4F98230D}.Release|x64.ActiveCfg = Release|x64
		{634717A1-C4FF-4702-AA7C-58BF4F98230D}.Release|x64.Build.0 = Release|x64
		{634717A1-C4FF-4702-AA7C-58BF4F98230D}.Release|x86.ActiveCfg = Release|Win32
		{634717A1-C4FF-4702-AA7C-58BF4F98230D}.Release|x86.Build.0 = Release|Win32
		{67073E08-B761-4B6F-A931-985D7CCABE25}.Debug|x64.ActiveCfg = Debug|x64
		{67073E08-B761-4B6F-A931-985D7CCABE25}.Debug|x64.Build.0 = Debug|x64
		{67073E08-B761-4B6F-A931-985D7CCABE25}.Debug|x86.ActiveCfg = Debug|Win32
		{67073E08-B761-4B6F-A931-985D7CCABE25}.Debug|x86.Build.0 = Debug|Win32
		{67073E08-B761-4B6F-A931-985D7CCABE25}.Release|x64.ActiveCfg = Release|x64
		{67073E08-B761-4B6F-A931-985D7CCABE25}.Release|x64.Build.0 = Release|x64
		{67073E08-B761-4B6F-A931-985D7CCABE25}.Release|x86.ActiveCfg = Release|Win32
		{67073E08-B761-4B6F-A931-985D7CCABE25}.Release|x86.Build.0 = Release|Win32
		{9FD36F3A-453C-45F1-8A61-C4435CA7EA35}.Debug|x64.ActiveCfg = Debug|x64
		{9FD36F3A-453C-45F1-8A61-C4435CA7EA35}.Debug|x64.Build.0 = Debug|x64
		{9FD36F3A-453C-45F1-8A61-C4435CA7EA35}.Debug|x86.ActiveCfg = Debug|Win32
		{9FD36F3A-453C-45F1-8A61-C4435CA7EA35}.Debug|x86.Build.0 = Debug|Win32
		{9FD36F3A-453C-45F1-8A61-C4435CA7EA35}.Release|x64.ActiveCfg = Release|x64
		{9FD36F3A-453C-45F1-8A61-C4435CA7EA35}.Release|x64.Build.0 = Release|x64
		{9FD36F3A-453C-45F1-8A61-C4435CA7EA35}.Release|x86.ActiveCfg = Release|Win32
		{9FD36F3A-453C-45F1-8A61-C4435CA7EA35}.Release|x86.Build.0 = Release|Win32
		{405EFF56-C942-4AEC-BFA4-1D3DCE2D7C8D}.Debug|x64.ActiveCfg = Debug|x64
		{405EFF56-C942-4AEC-BFA4-1D3DCE2D7C8D}.Debug|x64.Build.0 = Debug|x64
		{405EFF56-C942-4AEC-BFA4-1D3DCE2D7C8D}.Debug|x86.ActiveCfg = Debug|Win32
		{405EFF56-C942-4AEC-BFA4-1D3DCE2D7C8D}.Debug|x86.Build.0 = Debug|Win32
		{405EFF56-C942-4AEC-BFA4-1D3DCE2D7C8D}.Release|x64.ActiveCfg = Release|x64
		{405EFF56-C942-4AEC-BFA4-1D3DCE2D7C8D}.Release|x64.Build.0 = Release|x64
		{405EFF56-C942-4AEC-BFA4-1D3DCE2D7C8D}.Release|x86.ActiveCfg = Release|Win32
		{405EFF56-C942-4AEC-BFA4-1D3DCE2D7C8D}.Release|x86.Build.0 = Release|Win32
		{3E2B0605-7880-4DBB-BFD1-2DD7B4215FB4}.Debug|x64.ActiveCfg = Debug|x64
		{3E2B0605-7880-4DBB-BFD1-2DD7B4215FB4}.Debug|x64.Build.0 = Debug|x64
		{3E2B0605-7880-4DBB-BFD1-2DD7B4215FB4}.Debug|x86.ActiveCfg = Debug|Win32
		{3E2B0605-7880-4DBB-BFD1-2DD7B4215FB4}.Debug|x86.Build.0 = Debug|Win32
		{3E2B0605-7880-4DBB-BFD1-2DD7B4215FB4}.Release|x64.ActiveCfg = Release|x64
		{3E2B0605-7880-4DBB-BFD1-2DD7B4215FB4}.Release|x64.Build.0 = Release|x64
		{3E2B0605-7880-4DBB-BFD1-2DD7B4215FB4}.Release|x86.ActiveCfg = Release|Win32
		{3E2B0605-7880-4DBB-BFD1-2DD7B4215FB4}.Release|x86.Build.0 = Release|Win32
		{EA1A933B-24C4-4382-B9F7-A5284CE5C8FE}.Debug|x64.ActiveCfg = Debug|x64
		{EA1A933B-24C4-4382-B9F7-A5284CE5C8FE}.Debug|x64.Build.0 = Debug|x64
		{EA1A933B-24C4-4382-B9F7-A5284CE5C8FE}.Debug|x86.ActiveCfg = Debug|Win32
		{EA1A933B-24C4-4382-B9F7-A5284CE5C8FE}.Debug|x86.Build.0 = Debug|Win32
		{EA1A933B-24C4-4382-B9F7-A5284CE5C8FE}.Release|x64.ActiveCfg = Release|x64
		{EA1A933B-24C4-4382-B9F7-A5284CE5C8FE}.Release|x64.Build.0 = Release|x64
		{EA1A933B-24C4-4382-B9F7-A5284CE5C8FE}.Release|x86.ActiveCfg = Release|Win32
		{EA1A933B-24C4-4382-B9F7-A5284CE5C8FE}.Release|x86.Build.0 = Release|Win32
		{D8DDAD49-FE9A-4816-98B1-0D8106640160}.Debug|x64.ActiveCfg = Debug|x64
		{D8DDAD49-FE9A-4816-98B1-0D8106640160}.Debug|x64.Build.0 = Debug|x64
		{D8DDAD49-FE9A-4816-98B1-0D8106640160}.Debug|x86.ActiveCfg = Debug|Win32
		{D8DDAD49-FE9A-4816-98B1-0D8106640160}.Debug|x86.Build.0 = Debug|Win32
		{D8DDAD49-FE9A-4816-98B1-0D8106640160}.Release|x64.ActiveCfg = Release|x64
		{D8DDAD49-FE9A-4816-98B1-0D8106640160}.Release|x64.Build.0 = Release|x64
		{D8DDAD49-FE9A-4816-98B1-0D8106640160}.Release|x86.ActiveCfg = Release|Win32
		{D8DDAD49-FE9A-4816-98B1-0D8106640160}.Release|x86.Build.0 = Release|Win32
		{4FF0BB01-D11C-45EC-9AEF-EAA1934BBE46}.Debug|x64.ActiveCfg = Debug|x64
		{4FF0BB01-D11C-45EC-9AEF-EAA1934BBE46}.Debug|x64.Build.0 = Debug|x64
		{4FF0BB01-D11C-45EC-9AEF-EAA1934BBE46}.Debug|x86.ActiveCfg = Debug|Win32
		{4FF0BB01-D11C-45EC-9AEF-EAA1934BBE46}.Debug|x86.Build.0 = Debug|Win32
		{4FF0BB01-D11C-45EC-9AEF-EAA1934BBE46}.Release|x64.ActiveCfg = Release|x64
		{4FF0BB01-D11C-45EC-9AEF-EAA1934BBE46}.Release|x64.Build.0 = Release|x64
		{4FF0BB01-D11C-45EC-9AEF-EAA1934BBE46}.Release|x86.ActiveCfg = Release|Win32
		{4FF0BB01-D11C-45EC-9AEF-EAA1934BBE46}.Release|x86.Build.0 = Release|Win32
		{188CF8E5-4E86-4311-ADA4-308DAFBADCCC}.Debug|x64.ActiveCfg = Debug|x64
		{188CF8E5-4E86-4311-ADA4-308DAFBADCCC}.Debug|x64.Build.0 = Debug|x64
		{188CF8E5-4E86-4311-ADA4-308DAFBADCCC}.Debug|x86.ActiveCfg = Debug|Win32
		{188CF8E5-4E86-4311-ADA4-308DAFBADCCC}.Debug|x86.Build.0 = Debug|Win32
		{188CF8E5-4E86-4311-ADA4-308DAFBADCCC}.Release|x64.ActiveCfg = Release|x64
		{188CF8E5-4E86-4311-ADA4-308DAFBADCCC}.Release|x64.Build.0 = Release|x64
		{188CF8E5-4E86-4311-ADA4-308DAFBADCCC}.Release|x86.ActiveCfg = Release|Win32
		{188CF8E5-4E86-4311-ADA4-308DAFBADCCC}.Release|x86.Build.0 = Release|Win32
		{02BFDBD0-2267-43D4-A582-ECE92DF27B2D}.Debug|x64.ActiveCfg = Debug|x64
		{02BFDBD0-2267-43D4-A582-ECE92DF27B2D}.Debug|x64.Build.0 = Debug|x64
		{02BFDBD0-2267-43D4-A582-ECE92DF27B2D}.Debug|x86.ActiveCfg = Debug|Win32
		{02BFDBD0-2267-43D4-A582-ECE92DF27B2D}.Debug|x86.Build.0 = Debug|Win32
		{02BFDBD0-2267-43D4-A582-ECE92DF27B2D}.Release|x64.ActiveCfg = Release|x64
		{02BFDBD0-2267-43D4-A582-ECE92DF27B2D}.Release|x64.Build.0 = Release|x64
		{02BFDBD0-2267-43D4-A582-ECE92DF27B2D}.Release|x86.ActiveCfg = Release|Win32
		{02BFDBD0-2267-43D4-A582-ECE92DF27B2D}.Release|x86.Build.0 = Release|Win32
		{F57244A0-03F3-4372-8E26-C1F166472D16}.Debug|x64.ActiveCfg = Debug|x64
		{F57244A0-03F3-4372-8E26-C1F166472D16}.Debug|x64.Build.0 = Debug|x64
		{F57244A0-03F3-4372-8E26-C1F166472D16}.Debug|x86.ActiveCfg = Debug|Win32
		{F57244A0-03F3-4372-8E26-C1F166472D16}.Debug|x86.Build.0 = Debug|Win32
		{F57244A0-03F3-4372-8E26-C1F166472D16}.Release|x64.ActiveCfg = Release|x64
		{F57244A0-03F3-4372-8E26-C1F166472D16}.Release|x64.Build.0 = Release|x64
		{F57244A0-03F3-4372-8E26-C1F166472D16}.Release|x86.ActiveCfg = Release|Win32
		{F57244A0-03F3-4372-8E26-C1F166472D16}.Release|x86.Build.0 = Release|Win32
		{7E395A95-661A-484A-9687-9D6261780ED0}.Debug|x64.ActiveCfg = Debug|x64
		{7E395A95-661A-484A-9687-9D6261780ED0}.Debug|x64.Build.0 = Debug|x64
		{7E395A95-661A-484A-9687-9D6261780ED0}.Debug|x86.ActiveCfg = Debug|Win32
		{7E395A95-661A-484A-9687-9D6261780ED0}.Debug|x86.Build.0 = Debug|Win32
		{7E395A95-661A-484A-9687-9D6261780ED0}.Release|x64.ActiveCfg = Release|x64
		{7E395A95-661A-484A-9687-9D6261780ED0}.Release|x64.Build.0 = Release|x64
		{7E395A95-661A-484A-9687-9D6261780ED0}.Release|x86.ActiveCfg = Release|Win32
		{7E395A95-661A-484A-9687-9D6261780ED0}.Release|x86.Build.0 = Release|Win32
		{85A39A06-8E27-4B7D-A5E9-88FF64071BE5}.Debug|x64.ActiveCfg = Debug|x64
		{85A39A06-8E27-4B7D-A5E9-88FF64071BE5}.Debug|x64.Build.0 = Debug|x64
		{85A39A06-8E27-4B7D-A5E9-88FF64071BE5}.Debug|x86.ActiveCfg = Debug|Win32
		{85A39A06-8E27-4B7D-A5E9-88FF64071BE5}.Debug|x86.Build.0 = Debug|Win32
		{85A39A06-8E27-4B7D-A5E9-88FF64071BE5}.Release|x64.ActiveCfg = Release|x64
		{85A39A06-8E27-4B7D-A5E9-88FF64071BE5}.Release|x64.Build.0 = Release|x64
		{85A39A06-8E27-4B7D-A5E9-88FF64071BE5}.Release|x86.ActiveCfg = Release|Win32
		{85A39A06-8E27-4B7D-A5E9-88FF64071BE5}.Release|x86.Build.0 = Release|Win32
		{BB16EA07-1DBA-409E-BFC3-096AC277A131}.Debug|x64.ActiveCfg = Debug|x64
		{BB16EA07-1DBA-409E-BFC3-096AC277A131}.Debug|x64.Build.0 = Debug|x64
		{BB16EA07-1DBA-409E-BFC3-096AC277A131}.Debug|x86.ActiveCfg = Debug|Win32
		{BB16EA07-1DBA-409E-BFC3-096AC277A131}.Debug|x86.Build.0 = Debug|Win32
		{BB16EA07-1DBA-409E-BFC3-096AC277A131}.Release|x64.ActiveCfg = Release|x64
		{BB16EA07-1DBA-409E-BFC3-096AC277A131}.Release|x64.Build.0 = Release|x64
		{BB16EA07-1DBA-409E-BFC3-096AC277A131}.Release|x86.ActiveCfg = Release|Win32
		{BB16EA07-1DBA-409E-BFC3-096AC277A131}.Release|x86.Build.0 = Release|Win32
		{BAC42230-46FD-46DD-94B0-5805FC3D2417}.Debug|x64.ActiveCfg = Debug|x64
		{BAC42230-46FD-46DD-94B0-5805FC3D2417}.Debug|x64.Build.0 = Debug|x64
		{BAC42230-46FD-46DD-94B0-5805FC3D2417}.Debug|x86.ActiveCfg = Debug|Win32
		{BAC42230-46FD-46DD-94B0-5805FC3D2417}.Debug|x86.Build.0 = Debug|Win32
		{BAC42230-46FD-46DD-94B0-5805FC3D2417}.Release|x64.ActiveCfg = Release|x64
		{BAC42230-46FD-46DD-94B0-5805FC3D2417}.Release|x64.Build.0 = Release|x64
		{BAC42230-46FD-46DD-94B0-5805FC3D2417}.Release|x86.ActiveCfg = Release|Win32
		{BAC42230-46FD-46DD-94B0-5805FC3D2417}.Release|x86.Build.0 = Release|Win32
		{3EC25E26-FDD1-445C-BD7F-58CECFB4931C}.Debug|x64.ActiveCfg = Debug|x64
		{3EC25E26-FDD1-445C-BD7F-58CECFB4931C}.Debug|x64.Build.0 = Debug|x64
		{3EC25E26-FDD1-445C-BD7F-58CECFB4931C}.Debug|x86.ActiveCfg = Debug|Win32
		{3EC25E26-FDD1-445C-BD7F-58CECFB4931C}.Debug|x86.Build.0 = Debug|Win32
		{3EC25E26-FDD1-445C-BD7F-58CECFB4931C}.Release|x64.ActiveCfg = Release|x64
		{3EC25E26-FDD1-445C-BD7F-58CECFB4931C}.Release|x64.Build.0 = Release|x64
		{3EC25E26-FDD1-445C-BD7F-58CECFB4931C}.Release|x86.ActiveCfg = Release|Win32
		{3EC25E26-FDD1-445C-BD7F-58CECFB4931C}.Release|x86.Build.0 = Release|Win32
		{754BAEA0-815A-448F-ABDE-231602C3F31B}.Debug|x64.ActiveCfg = Debug|x64
		{754BAEA0-815A-448F-ABDE-231602C3F31B}.Debug|x64.Build.0 = Debug|x64
		{754BAEA0-815A-448F-ABDE-231602C3F31B}.Debug|x86.ActiveCfg = Debug|Win32
		{754BAEA0-815A-448F-ABDE-231602C3F31B}.Debug|x86.Build.0 = Debug|Win32
		{754BAEA0-815A-448F-ABDE-231602C3F31B}.Release|x64.ActiveCfg = Release|x64
		{754BAEA0-815A-448F-ABDE-231602C3F31B}.Release|x64.Build.0 = Release|x64
		{754BAEA0-815A-448F-ABDE-231602C3F31B}.Release|x86.ActiveCfg = Release|Win32
		{754BAEA0-815A-448F-ABDE-231602C3F31B}.Release|x86.Build.0 = Release|Win32
		{4AFC9BE4-FBD5-4D97-B857-D701E28B769A}.Debug|x64.ActiveCfg = Debug|x64
		{4AFC9BE4-FBD5-4D97-B857-D701E28B769A}.Debug|x64.Build.0 = Debug|x64
		{4AFC9BE4-FBD5-4D97-B857-D701E28B769A}.Debug|x86.ActiveCfg = Debug|Win32
		{4AFC9BE4-FBD5-4D97-B857-D701E28B769A}.Debug|x86.Build.0 = Debug|Win32
		{4AFC9BE4-FBD5-4D97-B857-D701E28B769A}.Release|x64.ActiveCfg = Release|x64
		{4AFC9BE4-FBD5-4D97-B857-D701E28B769A}.Release|x64.Build.0 = Release|x64
		{4AFC9BE4-FBD5-4D97-B857-D701E28B769A}.Release|x86.ActiveCfg = Release|Win32
		{4AFC9BE4-FBD5-4D97-B857-D701E28B769A}.Release|x86.Build.0 = Release|Win32
		{19F00250-E635-40E5-AFDB-4B4041032083}.Debug|x64.ActiveCfg = Debug|x64
		{19F00250-E635-40E5-AFDB-4B4041032083}.Debug|x64.Build.0 = Debug|x64
		{19F00250-E635-40E5-AFDB-4B4041032083}.Debug|x86.ActiveCfg = Debug|Win32
		{19F00250-E635-40E5-AFDB-4B4041032083}.Debug|x86.Build.0 = Debug|Win32
		{19F00250-E635-40E5-AFDB-4B4041032083}.Release|x64.ActiveCfg = Release|x64
		{19F00250-E635-40E5-AFDB-4B4041032083}.Release|x64.Build.0 = Release|x64
		{19F00250-E635-40E5-AFDB-4B4041032083}.Release|x86.ActiveCfg = Release|Win32
		{19F00250-E635-40E5-AFDB-4B4041032083}.Release|x86.Build.0 = Release|Win32
		{E6C90EEA-F7E6-4814-AD57-6AF548F0ED4C}.Debug|x64.ActiveCfg = Debug|x64
		{E6C90EEA-F7E6-4814-AD57-6AF548F0ED4C}.Debug|x64.Build.0 = Debug|x64
		{E6C90EEA-F7E6-4814-AD57-6AF548F0ED4C}.Debug|x86.ActiveCfg = Debug|Win32
		{E6C90EEA-F7E6-4814-AD57-6AF548F0ED4C}.Debug|x86.Build.0 = Debug|Win32
		{E6C90EEA-F7E6-4814-AD57-6AF548F0ED4C}.Release|x64.ActiveCfg = Release|x64
		{E6C90EEA-F7E6-4814-AD57-6AF548F0ED4C}.Release|x64.Build.0 = Release|x64
		{E6C90EEA-F7E6-4814-AD57-6AF548F0ED4C}.Release|x86.ActiveCfg = Release|Win32
		{E6C90EEA-F7E6-4814-AD57-6AF548F0ED4C}.Release|x86.Build.0 = Release|Win32
		{73119547-F773-4B49-AEED-56D63D49A12B}.Debug|x64.ActiveCfg = Debug|x64
		{73119547-F773-4B49-AEED-56D63D49A12B}.Debug|x64.Build.0 = Debug|x64
		{73119547-F773-4B49-AEED-56D63D49A12B}.Debug|x86.ActiveCfg = Debug|Win32
		{73119547-F773-4B49-AEED-56D63D49A12B}.Debug|x86.Build.0 = Debug|Win32
		{73119547-F773-4B49-AEED-56D63D49A12B}.Release|x64.ActiveCfg = Release|x64
		{73119547-F773-4B49-AEED-56D63D49A12B}.Release|x64.Build.0 = Release|x64
		{73119547-F773-4B49-AEED-56D63D49A12B}.Release|x86.ActiveCfg = Release|Win32
		{73119547-F773-4B49-AEED-56D63D49A12B}.Release|x86.Build.0 = Release|Win32
		{22ABA85C-123E-49F7-A19B-2DEE65094E0F}.Debug|x64.ActiveCfg = Debug|x64
		{22ABA85C-123E-49F7-A19B-2DEE65094E0F}.Debug|x64.Build.0 = Debug|x64
		{22ABA85C-123E-49F7-A19B-2DEE65094E0F}.Debug|x86.ActiveCfg = Debug|Win32
		{22ABA85C-123E-49F7-A19B-2DEE65094E0F}.Debug|x86.Build.0 = Debug|Win32
		{22ABA85C-123E-49F7-A19B-2DEE65094E0F}.Release|x64.ActiveCfg = Release|x64
		{22ABA85C-123E-49F7-A19B-2DEE65094E0F}.Release|x64.Build.0 = Release|x64
		{22ABA85C-123E-49F7-A19B-2DEE65094E0F}.Release|x86.ActiveCfg = Release|Win32
		{22ABA85C-123E-49F7-A19B-2DEE65094E0F}.Release|x86.Build.0 = Release|Win32
		{8F7A41B4-6E34-4E16-ABDE-6F8155669BB3}.Debug|x64.ActiveCfg = Debug|x64
		{8F7A41B4-6E34-4E16-ABDE-6F8155669BB3}.Debug|x64.Build.0 = Debug|x64
		{8F7A41B4-6E34-4E16-ABDE-6F8155669BB3}.Debug|x86.ActiveCfg = Debug|Win32
		{8F7A41B4-6E34-4E16-ABDE-6F8155669BB3}.Debug|x86.Build.0 = Debug|Win32
		{8F7A41B4-6E34-4E16-ABDE-6F8155669BB3}.Release|x64.ActiveCfg = Release|x64
		{8F7A41B4-6E34-4E16-ABDE-6F8155669BB3}.Release|x64.Build.0 = Release|x64
		{8F7A41B4-6E34-4E16-ABDE-6F8155669BB3}.Release|x86.ActiveCfg = Release|Win32
		{8F7A41B4-6E34-4E16-ABDE-6F8155669BB3}.Release|x86.Build.0 = Release|Win32
		{5DED7C71-AE28-4B64-AEEC-C92679F46891}.Debug|x64.ActiveCfg = Debug|x64
		{5DED7C71-AE28-4B64-AEEC-C92679F46891}.Debug|x64.Build.0 = Debug|x64
		{5DED7C71-AE28-4B64-AEEC-C92679F46891}.Debug|x86.ActiveCfg = Debug|Win32
		{5DED7C71-AE28-4B64-AEEC-C92679F46891}.Debug|x86.Build.0 = Debug|Win32
		{5DED7C71-AE28-4B64-AEEC-C92679F46891}.Release|x64.ActiveCfg = Release|x64
		{5DED7C71-AE28-4B64-AEEC-C92679F46891}.Release|x64.Build.0 = Release|x64
		{5DED7C71-AE28-4B64-AEEC-C92679F46891}.Release|x86.ActiveCfg = Release|Win32
		{5DED7C71-AE28-4B64-AEEC-C92679F46891}.Release|x86.Build.0 = Release|Win32
		{5FF9CDB8-A0E2-4EBD-9106-7796FCBA3A72}.Debug|x64.ActiveCfg = Debug|x64
		{5FF9CDB8-A0E2-4EBD-9106-7796FCBA3A72}.Debug|x64.Build.0 = Debug|x64
		{5FF9CDB8-A0E2-4EBD-9106-7796FCBA3A72}.Debug|x86.ActiveCfg = Debug|Win32
		{5FF9CDB8-A0E2-4EBD-9106-7796FCBA3A72}.Debug|x86.Build.0 = Debug|Win32
		{5FF9CDB8-A0E2-4EBD-9106-7796FCBA3A72}.Release|x64.ActiveCfg = Release|x64
		{5FF9CDB8-A0E2-4EBD-9106-7796FCBA3A72}.Release|x64.Build.0 = Release|x64
		{5FF9CDB8-A0E2-4EBD-9106-7796FCBA3A72}.Release|x86.ActiveCfg = Release|Win32
		{5FF9CDB8-A0E2-4EBD-9106-7796FCBA3A72}.Release|x86.Build.0 = Release|Win32
	EndGlobalSection
	GlobalSection(SolutionProperties) = preSolution
		HideSolutionNode = FALSE
	EndGlobalSection
	GlobalSection(NestedProjects) = preSolution
		{BD987412-10F8-4101-BE89-2A9BB2C84E0A} = {D10AE141-88EB-41BB-8722-9EE0C83705B0}
		{FB2603C3-8184-4CC5-80BA-5B8DA927BF43} = {D10AE141-88EB-41BB-8722-9EE0C83705B0}
		{89A340EE-2170-420B-BCA6-B76B7CD57EDE} = {D10AE141-88EB-41BB-8722-9EE0C83705B0}
		{72022CB1-4D29-4476-96B5-114D608E9791} = {D10AE141-88EB-41BB-8722-9EE0C83705B0}
		{A3CEDE96-9338-440B-AC63-2047C74553E8} = {D10AE141-88EB-41BB-8722-9EE0C83705B0}
		{DEE2C1E5-EC84-4F6D-AF1E-493967BFF4E2} = {D10AE141-88EB-41BB-8722-9EE0C83705B0}
		{67110082-A72D-43E5-A6E1-9274AFAD3DE7} = {D10AE141-88EB-41BB-8722-9EE0C83705B0}
		{8BE6D713-0601-4695-B579-7DE5606D4131} = {D10AE141-88EB-41BB-8722-9EE0C83705B0}
		{1FF2EA11-63DF-4E5C-9B93-62607849B6D1} = {D10AE141-88EB-41BB-8722-9EE0C83705B0}
		{3AACD5E0-CA96-460C-B16E-9E98045B7C98} = {D10AE141-88EB-41BB-8722-9EE0C83705B0}
		{6813B0A9-90D8-4646-8A33-6857A2A6EE8E} = {6EF6E453-B74A-47AF-9202-5D067226A091}
		{634717A1-C4FF-4702-AA7C-58BF4F98230D} = {6EF6E453-B74A-47AF-9202-5D067226A091}
		{67073E08-B761-4B6F-A931-985D7CCABE25} = {6EF6E453-B74A-47AF-9202-5D067226A091}
		{9FD36F3A-453C-45F1-8A61-C4435CA7EA35} = {6EF6E453-B74A-47AF-9202-5D067226A091}
		{405EFF56-C942-4AEC-BFA4-1D3DCE2D7C8D} = {3B252197-C677-46BB-A83E-39041B8D4E1E}
		{3E2B0605-7880-4DBB-BFD1-2DD7B4215FB4} = {3B252197-C677-46BB-A83E-39041B8D4E1E}
		{EA1A933B-24C4-4382-B9F7-A5284CE5C8FE} = {6EF6E453-B74A-47AF-9202-5D067226A091}
		{D8DDAD49-FE9A-4816-98B1-0D8106640160} = {6EF6E453-B74A-47AF-9202-5D067226A091}
		{4FF0BB01-D11C-45EC-9AEF-EAA1934BBE46} = {6EF6E453-B74A-47AF-9202-5D067226A091}
		{188CF8E5-4E86-4311-ADA4-308DAFBADCCC} = {6EF6E453-B74A-47AF-9202-5D067226A091}
		{02BFDBD0-2267-43D4-A582-ECE92DF27B2D} = {6EF6E453-B74A-47AF-9202-5D067226A091}
		{F57244A0-03F3-4372-8E26-C1F166472D16} = {6EF6E453-B74A-47AF-9202-5D067226A091}
		{7E395A95-661A-484A-9687-9D6261780ED0} = {644D4EE4-4A43-45F4-A026-D41507182C7B}
		{85A39A06-8E27-4B7D-A5E9-88FF64071BE5} = {644D4EE4-4A43-45F4-A026-D41507182C7B}
		{BB16EA07-1DBA-409E-BFC3-096AC277A131} = {644D4EE4-4A43-45F4-A026-D41507182C7B}
		{BAC42230-46FD-46DD-94B0-5805FC3D2417} = {644D4EE4-4A43-45F4-A026-D41507182C7B}
		{3EC25E26-FDD1-445C-BD7F-58CECFB4931C} = {644D4EE4-4A43-45F4-A026-D41507182C7B}
		{754BAEA0-815A-448F-ABDE-231602C3F31B} = {644D4EE4-4A43-45F4-A026-D41507182C7B}
		{4AFC9BE4-FBD5-4D97-B857-D701E28B769A} = {644D4EE4-4A43-45F4-A026-D41507182C7B}
		{19F00250-E635-40E5-AFDB-4B4041032083} = {644D4EE4-4A43-45F4-A026-D41507182C7B}
		{73119547-F773-4B49-AEED-56D63D49A12B} = {A89778CE-E809-41EF-94E8-39EB4FDD909B}
		{22ABA85C-123E-49F7-A19B-2DEE65094E0F} = {A89778CE-E809-41EF-94E8-39EB4FDD909B}
		{8F7A41B4-6E34-4E16-ABDE-6F8155669BB3} = {644D4EE4-4A43-45F4-A026-D41507182C7B}
		{5DED7C71-AE28-4B64-AEEC-C92679F46891} = {3B252197-C677-46BB-A83E-39041B8D4E1E}
		{5FF9CDB8-A0E2-4EBD-9106-7796FCBA3A72} = {3B252197-C677-46BB-A83E-39041B8D4E1E}
	EndGlobalSection
	GlobalSection(ExtensibilityGlobals) = postSolution
		SolutionGuid = {812E15DC-BEBE-424A-BBAA-2679DE05FF6B}
	EndGlobalSection
EndGlobal
