
Microsoft Visual Studio Solution File, Format Version 12.00
# Visual Studio 15
VisualStudioVersion = 15.0.26823.1
MinimumVisualStudioVersion = 10.0.40219.1
Project("{2150E333-8FDC-42A3-9474-1A3956D46DE8}") = "common", "common", "{90091C3D-E1C9-4A6F-88FE-312A369D54D5}"
	ProjectSection(SolutionItems) = preProject
		common\InputReader.hpp = common\InputReader.hpp
		common\md5.c = common\md5.c
		common\md5.h = common\md5.h
	EndProjectSection
EndProject
Project("{2150E333-8FDC-42A3-9474-1A3956D46DE8}") = "advent2016", "advent2016", "{B1AFED1B-8EF2-4060-B719-23D1ADFAA713}"
	ProjectSection(SolutionItems) = preProject
		advent2016\ChecksumGenerator.hpp = advent2016\ChecksumGenerator.hpp
		advent2016\ErrorCorrector.hpp = advent2016\ErrorCorrector.hpp
		advent2016\GoodIPFinder.hpp = advent2016\GoodIPFinder.hpp
		advent2016\GridMoveParser.hpp = advent2016\GridMoveParser.hpp
		advent2016\HashInputGenerator.hpp = advent2016\HashInputGenerator.hpp
		advent2016\KeypadMoveParser.hpp = advent2016\KeypadMoveParser.hpp
		advent2016\PasswordGenerator.hpp = advent2016\PasswordGenerator.hpp
		advent2016\PasswordScrambler.hpp = advent2016\PasswordScrambler.hpp
		advent2016\RoomValidator.hpp = advent2016\RoomValidator.hpp
		advent2016\SafeTileCounter.hpp = advent2016\SafeTileCounter.hpp
		advent2016\TriangleValidator.hpp = advent2016\TriangleValidator.hpp
		advent2016\ViableNodePairCounter.hpp = advent2016\ViableNodePairCounter.hpp
	EndProjectSection
EndProject
Project("{2150E333-8FDC-42A3-9474-1A3956D46DE8}") = "0drivers", "0drivers", "{A89778CE-E809-41EF-94E8-39EB4FDD909B}"
EndProject
Project("{2150E333-8FDC-42A3-9474-1A3956D46DE8}") = "advent2017", "advent2017", "{3C93F4C5-015F-4DB1-A041-C9E31B934C71}"
	ProjectSection(SolutionItems) = preProject
		advent2017\AssemblyParser.hpp = advent2017\AssemblyParser.hpp
		advent2017\BridgeBuilder.hpp = advent2017\BridgeBuilder.hpp
		advent2017\CaptchaDigitSummer.hpp = advent2017\CaptchaDigitSummer.hpp
		advent2017\Day23AssemblyParser.hpp = advent2017\Day23AssemblyParser.hpp
		advent2017\GeneratorDriver.hpp = advent2017\GeneratorDriver.hpp
		advent2017\NumberGenerator.hpp = advent2017\NumberGenerator.hpp
		advent2017\PathFinder.hpp = advent2017\PathFinder.hpp
		advent2017\ProgramDancer.hpp = advent2017\ProgramDancer.hpp
		advent2017\Spinlock.hpp = advent2017\Spinlock.hpp
		advent2017\StreamProcessor.hpp = advent2017\StreamProcessor.hpp
		advent2017\VirusCarrier.hpp = advent2017\VirusCarrier.hpp
	EndProjectSection
EndProject
Project("{2150E333-8FDC-42A3-9474-1A3956D46DE8}") = "advent2018", "advent2018", "{93A18934-BD3D-472E-A8FA-D82523D728CC}"
	ProjectSection(SolutionItems) = preProject
		advent2018\AssemblyParser.hpp = advent2018\AssemblyParser.hpp
		advent2018\BlankClass.hpp = advent2018\BlankClass.hpp
		advent2018\CaveAssessor.hpp = advent2018\CaveAssessor.hpp
		advent2018\CheckSummer.hpp = advent2018\CheckSummer.hpp
		advent2018\ChronalOptimizer.hpp = advent2018\ChronalOptimizer.hpp
		advent2018\CombatGame.hpp = advent2018\CombatGame.hpp
		advent2018\FabricOverlapCalculator.hpp = advent2018\FabricOverlapCalculator.hpp
		advent2018\FrequencyCalibrator.hpp = advent2018\FrequencyCalibrator.hpp
		advent2018\GuardTimeTracker.hpp = advent2018\GuardTimeTracker.hpp
		advent2018\LumberCalculator.hpp = advent2018\LumberCalculator.hpp
		advent2018\MarbleGame.hpp = advent2018\MarbleGame.hpp
		advent2018\PlantForecaster.hpp = advent2018\PlantForecaster.hpp
		advent2018\PolymerReactor.hpp = advent2018\PolymerReactor.hpp
		advent2018\PowerFinder.hpp = advent2018\PowerFinder.hpp
		advent2018\RecipeScorer.hpp = advent2018\RecipeScorer.hpp
		advent2018\StarMessageFinder.hpp = advent2018\StarMessageFinder.hpp
		advent2018\StepSorter.hpp = advent2018\StepSorter.hpp
		advent2018\TreeBuilder.hpp = advent2018\TreeBuilder.hpp
	EndProjectSection
EndProject
Project("{8BC9CEB8-8B4A-11D0-8D11-00A0C91BC942}") = "19a", "19\19a.vcxproj", "{BAC42230-46FD-46DD-94B0-5805FC3D2417}"
EndProject
Project("{8BC9CEB8-8B4A-11D0-8D11-00A0C91BC942}") = "19b", "19\19b.vcxproj", "{DB4BF177-D3C2-4365-8259-1B3A798D2AB3}"
EndProject
Project("{8BC9CEB8-8B4A-11D0-8D11-00A0C91BC942}") = "21a", "21\21a.vcxproj", "{6813B0A9-90D8-4646-8A33-6857A2A6EE8E}"
EndProject
Project("{8BC9CEB8-8B4A-11D0-8D11-00A0C91BC942}") = "21b", "21\21b.vcxproj", "{634717A1-C4FF-4702-AA7C-58BF4F98230D}"
EndProject
Project("{8BC9CEB8-8B4A-11D0-8D11-00A0C91BC942}") = "16a", "16\16a.vcxproj", "{7E395A95-661A-484A-9687-9D6261780ED0}"
EndProject
Project("{8BC9CEB8-8B4A-11D0-8D11-00A0C91BC942}") = "16b", "16\16b.vcxproj", "{754BAEA0-815A-448F-ABDE-231602C3F31B}"
EndProject
Project("{8BC9CEB8-8B4A-11D0-8D11-00A0C91BC942}") = "22a", "22\22a.vcxproj", "{67073E08-B761-4B6F-A931-985D7CCABE25}"
EndProject
Project("{8BC9CEB8-8B4A-11D0-8D11-00A0C91BC942}") = "22b", "22\22b.vcxproj", "{9FD36F3A-453C-45F1-8A61-C4435CA7EA35}"
EndProject
Global
	GlobalSection(SolutionConfigurationPlatforms) = preSolution
		Debug|Any CPU = Debug|Any CPU
		Debug|x64 = Debug|x64
		Debug|x86 = Debug|x86
		Release|Any CPU = Release|Any CPU
		Release|x64 = Release|x64
		Release|x86 = Release|x86
	EndGlobalSection
	GlobalSection(ProjectConfigurationPlatforms) = postSolution
		{BAC42230-46FD-46DD-94B0-5805FC3D2417}.Debug|Any CPU.ActiveCfg = Debug|Win32
		{BAC42230-46FD-46DD-94B0-5805FC3D2417}.Debug|x64.ActiveCfg = Debug|x64
		{BAC42230-46FD-46DD-94B0-5805FC3D2417}.Debug|x64.Build.0 = Debug|x64
		{BAC42230-46FD-46DD-94B0-5805FC3D2417}.Debug|x86.ActiveCfg = Debug|Win32
		{BAC42230-46FD-46DD-94B0-5805FC3D2417}.Debug|x86.Build.0 = Debug|Win32
		{BAC42230-46FD-46DD-94B0-5805FC3D2417}.Release|Any CPU.ActiveCfg = Release|Win32
		{BAC42230-46FD-46DD-94B0-5805FC3D2417}.Release|x64.ActiveCfg = Release|x64
		{BAC42230-46FD-46DD-94B0-5805FC3D2417}.Release|x64.Build.0 = Release|x64
		{BAC42230-46FD-46DD-94B0-5805FC3D2417}.Release|x86.ActiveCfg = Release|Win32
		{BAC42230-46FD-46DD-94B0-5805FC3D2417}.Release|x86.Build.0 = Release|Win32
		{DB4BF177-D3C2-4365-8259-1B3A798D2AB3}.Debug|Any CPU.ActiveCfg = Debug|Win32
		{DB4BF177-D3C2-4365-8259-1B3A798D2AB3}.Debug|x64.ActiveCfg = Debug|x64
		{DB4BF177-D3C2-4365-8259-1B3A798D2AB3}.Debug|x64.Build.0 = Debug|x64
		{DB4BF177-D3C2-4365-8259-1B3A798D2AB3}.Debug|x86.ActiveCfg = Debug|Win32
		{DB4BF177-D3C2-4365-8259-1B3A798D2AB3}.Debug|x86.Build.0 = Debug|Win32
		{DB4BF177-D3C2-4365-8259-1B3A798D2AB3}.Release|Any CPU.ActiveCfg = Release|Win32
		{DB4BF177-D3C2-4365-8259-1B3A798D2AB3}.Release|x64.ActiveCfg = Release|x64
		{DB4BF177-D3C2-4365-8259-1B3A798D2AB3}.Release|x64.Build.0 = Release|x64
		{DB4BF177-D3C2-4365-8259-1B3A798D2AB3}.Release|x86.ActiveCfg = Release|Win32
		{DB4BF177-D3C2-4365-8259-1B3A798D2AB3}.Release|x86.Build.0 = Release|Win32
		{6813B0A9-90D8-4646-8A33-6857A2A6EE8E}.Debug|Any CPU.ActiveCfg = Debug|Win32
		{6813B0A9-90D8-4646-8A33-6857A2A6EE8E}.Debug|x64.ActiveCfg = Debug|x64
		{6813B0A9-90D8-4646-8A33-6857A2A6EE8E}.Debug|x64.Build.0 = Debug|x64
		{6813B0A9-90D8-4646-8A33-6857A2A6EE8E}.Debug|x86.ActiveCfg = Debug|Win32
		{6813B0A9-90D8-4646-8A33-6857A2A6EE8E}.Debug|x86.Build.0 = Debug|Win32
		{6813B0A9-90D8-4646-8A33-6857A2A6EE8E}.Release|Any CPU.ActiveCfg = Release|Win32
		{6813B0A9-90D8-4646-8A33-6857A2A6EE8E}.Release|x64.ActiveCfg = Release|x64
		{6813B0A9-90D8-4646-8A33-6857A2A6EE8E}.Release|x64.Build.0 = Release|x64
		{6813B0A9-90D8-4646-8A33-6857A2A6EE8E}.Release|x86.ActiveCfg = Release|Win32
		{6813B0A9-90D8-4646-8A33-6857A2A6EE8E}.Release|x86.Build.0 = Release|Win32
		{634717A1-C4FF-4702-AA7C-58BF4F98230D}.Debug|Any CPU.ActiveCfg = Debug|Win32
		{634717A1-C4FF-4702-AA7C-58BF4F98230D}.Debug|x64.ActiveCfg = Debug|x64
		{634717A1-C4FF-4702-AA7C-58BF4F98230D}.Debug|x64.Build.0 = Debug|x64
		{634717A1-C4FF-4702-AA7C-58BF4F98230D}.Debug|x86.ActiveCfg = Debug|Win32
		{634717A1-C4FF-4702-AA7C-58BF4F98230D}.Debug|x86.Build.0 = Debug|Win32
		{634717A1-C4FF-4702-AA7C-58BF4F98230D}.Release|Any CPU.ActiveCfg = Release|Win32
		{634717A1-C4FF-4702-AA7C-58BF4F98230D}.Release|x64.ActiveCfg = Release|x64
		{634717A1-C4FF-4702-AA7C-58BF4F98230D}.Release|x64.Build.0 = Release|x64
		{634717A1-C4FF-4702-AA7C-58BF4F98230D}.Release|x86.ActiveCfg = Release|Win32
		{634717A1-C4FF-4702-AA7C-58BF4F98230D}.Release|x86.Build.0 = Release|Win32
		{7E395A95-661A-484A-9687-9D6261780ED0}.Debug|Any CPU.ActiveCfg = Debug|Win32
		{7E395A95-661A-484A-9687-9D6261780ED0}.Debug|x64.ActiveCfg = Debug|x64
		{7E395A95-661A-484A-9687-9D6261780ED0}.Debug|x64.Build.0 = Debug|x64
		{7E395A95-661A-484A-9687-9D6261780ED0}.Debug|x86.ActiveCfg = Debug|Win32
		{7E395A95-661A-484A-9687-9D6261780ED0}.Debug|x86.Build.0 = Debug|Win32
		{7E395A95-661A-484A-9687-9D6261780ED0}.Release|Any CPU.ActiveCfg = Release|Win32
		{7E395A95-661A-484A-9687-9D6261780ED0}.Release|x64.ActiveCfg = Release|x64
		{7E395A95-661A-484A-9687-9D6261780ED0}.Release|x64.Build.0 = Release|x64
		{7E395A95-661A-484A-9687-9D6261780ED0}.Release|x86.ActiveCfg = Release|Win32
		{7E395A95-661A-484A-9687-9D6261780ED0}.Release|x86.Build.0 = Release|Win32
		{754BAEA0-815A-448F-ABDE-231602C3F31B}.Debug|Any CPU.ActiveCfg = Debug|Win32
		{754BAEA0-815A-448F-ABDE-231602C3F31B}.Debug|x64.ActiveCfg = Debug|x64
		{754BAEA0-815A-448F-ABDE-231602C3F31B}.Debug|x64.Build.0 = Debug|x64
		{754BAEA0-815A-448F-ABDE-231602C3F31B}.Debug|x86.ActiveCfg = Debug|Win32
		{754BAEA0-815A-448F-ABDE-231602C3F31B}.Debug|x86.Build.0 = Debug|Win32
		{754BAEA0-815A-448F-ABDE-231602C3F31B}.Release|Any CPU.ActiveCfg = Release|Win32
		{754BAEA0-815A-448F-ABDE-231602C3F31B}.Release|x64.ActiveCfg = Release|x64
		{754BAEA0-815A-448F-ABDE-231602C3F31B}.Release|x64.Build.0 = Release|x64
		{754BAEA0-815A-448F-ABDE-231602C3F31B}.Release|x86.ActiveCfg = Release|Win32
		{754BAEA0-815A-448F-ABDE-231602C3F31B}.Release|x86.Build.0 = Release|Win32
		{67073E08-B761-4B6F-A931-985D7CCABE25}.Debug|Any CPU.ActiveCfg = Debug|Win32
		{67073E08-B761-4B6F-A931-985D7CCABE25}.Debug|x64.ActiveCfg = Debug|x64
		{67073E08-B761-4B6F-A931-985D7CCABE25}.Debug|x64.Build.0 = Debug|x64
		{67073E08-B761-4B6F-A931-985D7CCABE25}.Debug|x86.ActiveCfg = Debug|Win32
		{67073E08-B761-4B6F-A931-985D7CCABE25}.Debug|x86.Build.0 = Debug|Win32
		{67073E08-B761-4B6F-A931-985D7CCABE25}.Release|Any CPU.ActiveCfg = Release|Win32
		{67073E08-B761-4B6F-A931-985D7CCABE25}.Release|x64.ActiveCfg = Release|x64
		{67073E08-B761-4B6F-A931-985D7CCABE25}.Release|x64.Build.0 = Release|x64
		{67073E08-B761-4B6F-A931-985D7CCABE25}.Release|x86.ActiveCfg = Release|Win32
		{67073E08-B761-4B6F-A931-985D7CCABE25}.Release|x86.Build.0 = Release|Win32
		{9FD36F3A-453C-45F1-8A61-C4435CA7EA35}.Debug|Any CPU.ActiveCfg = Debug|Win32
		{9FD36F3A-453C-45F1-8A61-C4435CA7EA35}.Debug|x64.ActiveCfg = Debug|x64
		{9FD36F3A-453C-45F1-8A61-C4435CA7EA35}.Debug|x64.Build.0 = Debug|x64
		{9FD36F3A-453C-45F1-8A61-C4435CA7EA35}.Debug|x86.ActiveCfg = Debug|Win32
		{9FD36F3A-453C-45F1-8A61-C4435CA7EA35}.Debug|x86.Build.0 = Debug|Win32
		{9FD36F3A-453C-45F1-8A61-C4435CA7EA35}.Release|Any CPU.ActiveCfg = Release|Win32
		{9FD36F3A-453C-45F1-8A61-C4435CA7EA35}.Release|x64.ActiveCfg = Release|x64
		{9FD36F3A-453C-45F1-8A61-C4435CA7EA35}.Release|x64.Build.0 = Release|x64
		{9FD36F3A-453C-45F1-8A61-C4435CA7EA35}.Release|x86.ActiveCfg = Release|Win32
		{9FD36F3A-453C-45F1-8A61-C4435CA7EA35}.Release|x86.Build.0 = Release|Win32
	EndGlobalSection
	GlobalSection(SolutionProperties) = preSolution
		HideSolutionNode = FALSE
	EndGlobalSection
	GlobalSection(NestedProjects) = preSolution
		{BAC42230-46FD-46DD-94B0-5805FC3D2417} = {A89778CE-E809-41EF-94E8-39EB4FDD909B}
		{DB4BF177-D3C2-4365-8259-1B3A798D2AB3} = {A89778CE-E809-41EF-94E8-39EB4FDD909B}
		{6813B0A9-90D8-4646-8A33-6857A2A6EE8E} = {A89778CE-E809-41EF-94E8-39EB4FDD909B}
		{634717A1-C4FF-4702-AA7C-58BF4F98230D} = {A89778CE-E809-41EF-94E8-39EB4FDD909B}
		{7E395A95-661A-484A-9687-9D6261780ED0} = {A89778CE-E809-41EF-94E8-39EB4FDD909B}
		{754BAEA0-815A-448F-ABDE-231602C3F31B} = {A89778CE-E809-41EF-94E8-39EB4FDD909B}
		{67073E08-B761-4B6F-A931-985D7CCABE25} = {A89778CE-E809-41EF-94E8-39EB4FDD909B}
		{9FD36F3A-453C-45F1-8A61-C4435CA7EA35} = {A89778CE-E809-41EF-94E8-39EB4FDD909B}
	EndGlobalSection
	GlobalSection(ExtensibilityGlobals) = postSolution
		SolutionGuid = {812E15DC-BEBE-424A-BBAA-2679DE05FF6B}
	EndGlobalSection
EndGlobal
